
Microsoft Visual Studio Solution File, Format Version 12.00
# Visual Studio Version 17
VisualStudioVersion = 17.3.32922.545
MinimumVisualStudioVersion = 10.0.40219.1
Project("{9A19103F-16F7-4668-BE54-9A1E7A4F7556}") = "InvoicePWABlazor", "InvoicePWABlazor\InvoicePWABlazor.csproj", "{4D943368-2EB8-4315-8675-2A51C22948FD}"
EndProject
Global
	GlobalSection(SolutionConfigurationPlatforms) = preSolution
		Debug|Any CPU = Debug|Any CPU
		Release|Any CPU = Release|Any CPU
	EndGlobalSection
	GlobalSection(ProjectConfigurationPlatforms) = postSolution
		{4D943368-2EB8-4315-8675-2A51C22948FD}.Debug|Any CPU.ActiveCfg = Debug|Any CPU
		{4D943368-2EB8-4315-8675-2A51C22948FD}.Debug|Any CPU.Build.0 = Debug|Any CPU
		{4D943368-2EB8-4315-8675-2A51C22948FD}.Release|Any CPU.ActiveCfg = Release|Any CPU
		{4D943368-2EB8-4315-8675-2A51C22948FD}.Release|Any CPU.Build.0 = Release|Any CPU
	EndGlobalSection
	GlobalSection(SolutionProperties) = preSolution
		HideSolutionNode = FALSE
	EndGlobalSection
	GlobalSection(ExtensibilityGlobals) = postSolution
		SolutionGuid = {439E4AF5-83ED-42A2-BF6A-C7ACA2AC2A8D}
	EndGlobalSection
EndGlobal
